
Microsoft Visual Studio Solution File, Format Version 12.00
# Visual Studio Version 17
VisualStudioVersion = 17.8.34309.116
MinimumVisualStudioVersion = 10.0.40219.1
Project("{FAE04EC0-301F-11D3-BF4B-00C04F79EFBC}") = "CodePulse.API", "CodePulse.API\CodePulse.API.csproj", "{1198BFA3-6BB7-4F22-B69A-49D9C6077CF3}"
EndProject
Global
	GlobalSection(SolutionConfigurationPlatforms) = preSolution
		Debug|Any CPU = Debug|Any CPU
		Release|Any CPU = Release|Any CPU
	EndGlobalSection
	GlobalSection(ProjectConfigurationPlatforms) = postSolution
		{1198BFA3-6BB7-4F22-B69A-49D9C6077CF3}.Debug|Any CPU.ActiveCfg = Debug|Any CPU
		{1198BFA3-6BB7-4F22-B69A-49D9C6077CF3}.Debug|Any CPU.Build.0 = Debug|Any CPU
		{1198BFA3-6BB7-4F22-B69A-49D9C6077CF3}.Release|Any CPU.ActiveCfg = Release|Any CPU
		{1198BFA3-6BB7-4F22-B69A-49D9C6077CF3}.Release|Any CPU.Build.0 = Release|Any CPU
	EndGlobalSection
	GlobalSection(SolutionProperties) = preSolution
		HideSolutionNode = FALSE
	EndGlobalSection
	GlobalSection(ExtensibilityGlobals) = postSolution
		SolutionGuid = {5E4FB611-19F9-4777-955C-1398BBEEC568}
	EndGlobalSection
EndGlobal
